
Microsoft Visual Studio Solution File, Format Version 12.00
# Visual Studio Version 16
VisualStudioVersion = 16.0.31605.320
MinimumVisualStudioVersion = 10.0.40219.1
Project("{FAE04EC0-301F-11D3-BF4B-00C04F79EFBC}") = "ShopService", "ShopService\ShopService.csproj", "{BBF4D933-88AE-4BC2-8846-3F0AE272EB4C}"
EndProject
Global
	GlobalSection(SolutionConfigurationPlatforms) = preSolution
		Debug|Any CPU = Debug|Any CPU
		Release|Any CPU = Release|Any CPU
	EndGlobalSection
	GlobalSection(ProjectConfigurationPlatforms) = postSolution
		{BBF4D933-88AE-4BC2-8846-3F0AE272EB4C}.Debug|Any CPU.ActiveCfg = Debug|Any CPU
		{BBF4D933-88AE-4BC2-8846-3F0AE272EB4C}.Debug|Any CPU.Build.0 = Debug|Any CPU
		{BBF4D933-88AE-4BC2-8846-3F0AE272EB4C}.Release|Any CPU.ActiveCfg = Release|Any CPU
		{BBF4D933-88AE-4BC2-8846-3F0AE272EB4C}.Release|Any CPU.Build.0 = Release|Any CPU
	EndGlobalSection
	GlobalSection(SolutionProperties) = preSolution
		HideSolutionNode = FALSE
	EndGlobalSection
	GlobalSection(ExtensibilityGlobals) = postSolution
		SolutionGuid = {7DF818B7-3977-4FBE-A28A-A82BF238603F}
	EndGlobalSection
EndGlobal
