
Microsoft Visual Studio Solution File, Format Version 12.00
# Visual Studio Version 16
VisualStudioVersion = 16.0.31229.75
MinimumVisualStudioVersion = 10.0.40219.1
Project("{FAE04EC0-301F-11D3-BF4B-00C04F79EFBC}") = "Web", "Web\Web.csproj", "{AC68375D-0559-48CB-BA73-D97774D426AF}"
EndProject
Global
	GlobalSection(SolutionConfigurationPlatforms) = preSolution
		Debug|Any CPU = Debug|Any CPU
		Release|Any CPU = Release|Any CPU
	EndGlobalSection
	GlobalSection(ProjectConfigurationPlatforms) = postSolution
		{AC68375D-0559-48CB-BA73-D97774D426AF}.Debug|Any CPU.ActiveCfg = Debug|Any CPU
		{AC68375D-0559-48CB-BA73-D97774D426AF}.Debug|Any CPU.Build.0 = Debug|Any CPU
		{AC68375D-0559-48CB-BA73-D97774D426AF}.Release|Any CPU.ActiveCfg = Release|Any CPU
		{AC68375D-0559-48CB-BA73-D97774D426AF}.Release|Any CPU.Build.0 = Release|Any CPU
	EndGlobalSection
	GlobalSection(SolutionProperties) = preSolution
		HideSolutionNode = FALSE
	EndGlobalSection
	GlobalSection(ExtensibilityGlobals) = postSolution
		SolutionGuid = {2BDC31F8-1004-41A3-BB39-8495A5BAFB55}
	EndGlobalSection
EndGlobal
